{
    "_meta": {
        "hash": {
            "sha256": "2d6250966605206d8ca7b9c31706f9eb17cf188da26c3c349f375a58a9b57736"
        },
        "pipfile-spec": 6,
        "requires": {
            "python_version": "3.9"
        },
        "sources": [
            {
                "name": "pypi",
                "url": "https://pypi.org/simple",
                "verify_ssl": true
            }
        ]
    },
    "default": {
        "generic": {
            "hashes": [
                "sha256:a8dbb3133929223149272fcc70a95967cf3b24e3fa12601f91c67fb61efe29d4",
                "sha256:c7651fb460feae762065b4a29afbfe2a346b2b18dccd4a8495a7e978498f66bc"
            ],
            "index": "pypi",
            "version": "==1.0.0"
        },
        "views": {
            "hashes": [
                "sha256:17f60ecbc213d5aaa8f5359973ab8840071123547e1897cae2f6e762b62dcd68"
            ],
            "index": "pypi",
            "version": "==0.3"
        }
    },
    "develop": {}
}
